// !$*UTF8*$!
{
	archiveVersion = 1;
	classes = {
	};
	objectVersion = 77;
	objects = {

/* Begin PBXContainerItemProxy section */
		5457360D2FE8A1EE00840EFC /* PBXContainerItemProxy */ = {
			isa = PBXContainerItemProxy;
			containerPortal = 545735F72FE8A1E900840EFC /* Project object */;
			proxyType = 1;
			remoteGlobalIDString = 545735FE2FE8A1E900840EFC;
			remoteInfo = MentoriaCore;
		};
		545736172FE8A1EE00840EFC /* PBXContainerItemProxy */ = {
			isa = PBXContainerItemProxy;
			containerPortal = 545735F72FE8A1E900840EFC /* Project object */;
			proxyType = 1;
			remoteGlobalIDString = 545735FE2FE8A1E900840EFC;
			remoteInfo = MentoriaCore;
		};
/* End PBXContainerItemProxy section */

/* Begin PBXFileReference section */
		545735FF2FE8A1E900840EFC /* MentoriaCore.app */ = {isa = PBXFileReference; explicitFileType = wrapper.application; includeInIndex = 0; path = MentoriaCore.app; sourceTree = BUILT_PRODUCTS_DIR; };
		5457360C2FE8A1EE00840EFC /* MentoriaCoreTests.xctest */ = {isa = PBXFileReference; explicitFileType = wrapper.cfbundle; includeInIndex = 0; path = MentoriaCoreTests.xctest; sourceTree = BUILT_PRODUCTS_DIR; };
		545736162FE8A1EE00840EFC /* MentoriaCoreUITests.xctest */ = {isa = PBXFileReference; explicitFileType = wrapper.cfbundle; includeInIndex = 0; path = MentoriaCoreUITests.xctest; sourceTree = BUILT_PRODUCTS_DIR; };
/* End PBXFileReference section */

/* Begin PBXFileSystemSynchronizedRootGroup section */
		545736012FE8A1E900840EFC /* MentoriaCore */ = {
			isa = PBXFileSystemSynchronizedRootGroup;
			path = MentoriaCore;
			sourceTree = "<group>";
		};
		5457360F2FE8A1EE00840EFC /* MentoriaCoreTests */ = {
			isa = PBXFileSystemSynchronizedRootGroup;
			path = MentoriaCoreTests;
			sourceTree = "<group>";
		};
		545736192FE8A1EE00840EFC /* MentoriaCoreUITests */ = {
			isa = PBXFileSystemSynchronizedRootGroup;
			path = MentoriaCoreUITests;
			sourceTree = "<group>";
		};
/* End PBXFileSystemSynchronizedRootGroup section */

/* Begin PBXFrameworksBuildPhase section */
		545735FC2FE8A1E900840EFC /* Frameworks */ = {
			isa = PBXFrameworksBuildPhase;
			buildActionMask = 2147483647;
			files = (
			);
			runOnlyForDeploymentPostprocessing = 0;
		};
		545736092FE8A1EE00840EFC /* Frameworks */ = {
			isa = PBXFrameworksBuildPhase;
			buildActionMask = 2147483647;
			files = (
			);
			runOnlyForDeploymentPostprocessing = 0;
		};
		545736132FE8A1EE00840EFC /* Frameworks */ = {
			isa = PBXFrameworksBuildPhase;
			buildActionMask = 2147483647;
			files = (
			);
			runOnlyForDeploymentPostprocessing = 0;
		};
/* End PBXFrameworksBuildPhase section */

/* Begin PBXGroup section */
		545735F62FE8A1E900840EFC = {
			isa = PBXGroup;
			children = (
				545736012FE8A1E900840EFC /* MentoriaCore */,
				5457360F2FE8A1EE00840EFC /* MentoriaCoreTests */,
				545736192FE8A1EE00840EFC /* MentoriaCoreUITests */,
				545736002FE8A1E900840EFC /* Products */,
			);
			sourceTree = "<group>";
		};
		545736002FE8A1E900840EFC /* Products */ = {
			isa = PBXGroup;
			children = (
				545735FF2FE8A1E900840EFC /* MentoriaCore.app */,
				5457360C2FE8A1EE00840EFC /* MentoriaCoreTests.xctest */,
				545736162FE8A1EE00840EFC /* MentoriaCoreUITests.xctest */,
			);
			name = Products;
			sourceTree = "<group>";
		};
/* End PBXGroup section */

/* Begin PBXNativeTarget section */
		545735FE2FE8A1E900840EFC /* MentoriaCore */ = {
			isa = PBXNativeTarget;
			buildConfigurationList = 545736202FE8A1EE00840EFC /* Build configuration list for PBXNativeTarget "MentoriaCore" */;
			buildPhases = (
				545735FB2FE8A1E900840EFC /* Sources */,
				545735FC2FE8A1E900840EFC /* Frameworks */,
				545735FD2FE8A1E900840EFC /* Resources */,
			);
			buildRules = (
			);
			dependencies = (
			);
			fileSystemSynchronizedGroups = (
				545736012FE8A1E900840EFC /* MentoriaCore */,
			);
			name = MentoriaCore;
			packageProductDependencies = (
			);
			productName = MentoriaCore;
			productReference = 545735FF2FE8A1E900840EFC /* MentoriaCore.app */;
			productType = "com.apple.product-type.application";
		};
		5457360B2FE8A1EE00840EFC /* MentoriaCoreTests */ = {
			isa = PBXNativeTarget;
			buildConfigurationList = 545736232FE8A1EE00840EFC /* Build configuration list for PBXNativeTarget "MentoriaCoreTests" */;
			buildPhases = (
				545736082FE8A1EE00840EFC /* Sources */,
				545736092FE8A1EE00840EFC /* Frameworks */,
				5457360A2FE8A1EE00840EFC /* Resources */,
			);
			buildRules = (
			);
			dependencies = (
				5457360E2FE8A1EE00840EFC /* PBXTargetDependency */,
			);
			fileSystemSynchronizedGroups = (
				5457360F2FE8A1EE00840EFC /* MentoriaCoreTests */,
			);
			name = MentoriaCoreTests;
			packageProductDependencies = (
			);
			productName = MentoriaCoreTests;
			productReference = 5457360C2FE8A1EE00840EFC /* MentoriaCoreTests.xctest */;
			productType = "com.apple.product-type.bundle.unit-test";
		};
		545736152FE8A1EE00840EFC /* MentoriaCoreUITests */ = {
			isa = PBXNativeTarget;
			buildConfigurationList = 545736262FE8A1EE00840EFC /* Build configuration list for PBXNativeTarget "MentoriaCoreUITests" */;
			buildPhases = (
				545736122FE8A1EE00840EFC /* Sources */,
				545736132FE8A1EE00840EFC /* Frameworks */,
				545736142FE8A1EE00840EFC /* Resources */,
			);
			buildRules = (
			);
			dependencies = (
				545736182FE8A1EE00840EFC /* PBXTargetDependency */,
			);
			fileSystemSynchronizedGroups = (
				545736192FE8A1EE00840EFC /* MentoriaCoreUITests */,
			);
			name = MentoriaCoreUITests;
			packageProductDependencies = (
			);
			productName = MentoriaCoreUITests;
			productReference = 545736162FE8A1EE00840EFC /* MentoriaCoreUITests.xctest */;
			productType = "com.apple.product-type.bundle.ui-testing";
		};
/* End PBXNativeTarget section */

/* Begin PBXProject section */
		545735F72FE8A1E900840EFC /* Project object */ = {
			isa = PBXProject;
			attributes = {
				BuildIndependentTargetsInParallel = 1;
				LastSwiftUpdateCheck = 1640;
				LastUpgradeCheck = 1640;
				TargetAttributes = {
					545735FE2FE8A1E900840EFC = {
						CreatedOnToolsVersion = 16.4;
					};
					5457360B2FE8A1EE00840EFC = {
						CreatedOnToolsVersion = 16.4;
						TestTargetID = 545735FE2FE8A1E900840EFC;
					};
					545736152FE8A1EE00840EFC = {
						CreatedOnToolsVersion = 16.4;
						TestTargetID = 545735FE2FE8A1E900840EFC;
					};
				};
			};
			buildConfigurationList = 545735FA2FE8A1E900840EFC /* Build configuration list for PBXProject "MentoriaCore" */;
			developmentRegion = en;
			hasScannedForEncodings = 0;
			knownRegions = (
				en,
				Base,
			);
			mainGroup = 545735F62FE8A1E900840EFC;
			minimizedProjectReferenceProxies = 1;
			preferredProjectObjectVersion = 77;
			productRefGroup = 545736002FE8A1E900840EFC /* Products */;
			projectDirPath = "";
			projectRoot = "";
			targets = (
				545735FE2FE8A1E900840EFC /* MentoriaCore */,
				5457360B2FE8A1EE00840EFC /* MentoriaCoreTests */,
				545736152FE8A1EE00840EFC /* MentoriaCoreUITests */,
			);
		};
/* End PBXProject section */

/* Begin PBXResourcesBuildPhase section */
		545735FD2FE8A1E900840EFC /* Resources */ = {
			isa = PBXResourcesBuildPhase;
			buildActionMask = 2147483647;
			files = (
			);
			runOnlyForDeploymentPostprocessing = 0;
		};
		5457360A2FE8A1EE00840EFC /* Resources */ = {
			isa = PBXResourcesBuildPhase;
			buildActionMask = 2147483647;
			files = (
			);
			runOnlyForDeploymentPostprocessing = 0;
		};
		545736142FE8A1EE00840EFC /* Resources */ = {
			isa = PBXResourcesBuildPhase;
			buildActionMask = 2147483647;
			files = (
			);
			runOnlyForDeploymentPostprocessing = 0;
		};
/* End PBXResourcesBuildPhase section */

/* Begin PBXSourcesBuildPhase section */
		545735FB2FE8A1E900840EFC /* Sources */ = {
			isa = PBXSourcesBuildPhase;
			buildActionMask = 2147483647;
			files = (
			);
			runOnlyForDeploymentPostprocessing = 0;
		};
		545736082FE8A1EE00840EFC /* Sources */ = {
			isa = PBXSourcesBuildPhase;
			buildActionMask = 2147483647;
			files = (
			);
			runOnlyForDeploymentPostprocessing = 0;
		};
		545736122FE8A1EE00840EFC /* Sources */ = {
			isa = PBXSourcesBuildPhase;
			buildActionMask = 2147483647;
			files = (
			);
			runOnlyForDeploymentPostprocessing = 0;
		};
/* End PBXSourcesBuildPhase section */

/* Begin PBXTargetDependency section */
		5457360E2FE8A1EE00840EFC /* PBXTargetDependency */ = {
			isa = PBXTargetDependency;
			target = 545735FE2FE8A1E900840EFC /* MentoriaCore */;
			targetProxy = 5457360D2FE8A1EE00840EFC /* PBXContainerItemProxy */;
		};
		545736182FE8A1EE00840EFC /* PBXTargetDependency */ = {
			isa = PBXTargetDependency;
			target = 545735FE2FE8A1E900840EFC /* MentoriaCore */;
			targetProxy = 545736172FE8A1EE00840EFC /* PBXContainerItemProxy */;
		};
/* End PBXTargetDependency section */

/* Begin XCBuildConfiguration section */
		5457361E2FE8A1EE00840EFC /* Debug */ = {
			isa = XCBuildConfiguration;
			buildSettings = {
				ALWAYS_SEARCH_USER_PATHS = NO;
				ASSETCATALOG_COMPILER_GENERATE_SWIFT_ASSET_SYMBOL_EXTENSIONS = YES;
				CLANG_ANALYZER_NONNULL = YES;
				CLANG_ANALYZER_NUMBER_OBJECT_CONVERSION = YES_AGGRESSIVE;
				CLANG_CXX_LANGUAGE_STANDARD = "gnu++20";
				CLANG_ENABLE_MODULES = YES;
				CLANG_ENABLE_OBJC_ARC = YES;
				CLANG_ENABLE_OBJC_WEAK = YES;
				CLANG_WARN_BLOCK_CAPTURE_AUTORELEASING = YES;
				CLANG_WARN_BOOL_CONVERSION = YES;
				CLANG_WARN_COMMA = YES;
				CLANG_WARN_CONSTANT_CONVERSION = YES;
				CLANG_WARN_DEPRECATED_OBJC_IMPLEMENTATIONS = YES;
				CLANG_WARN_DIRECT_OBJC_ISA_USAGE = YES_ERROR;
				CLANG_WARN_DOCUMENTATION_COMMENTS = YES;
				CLANG_WARN_EMPTY_BODY = YES;
				CLANG_WARN_ENUM_CONVERSION = YES;
				CLANG_WARN_INFINITE_RECURSION = YES;
				CLANG_WARN_INT_CONVERSION = YES;
				CLANG_WARN_NON_LITERAL_NULL_CONVERSION = YES;
				CLANG_WARN_OBJC_IMPLICIT_RETAIN_SELF = YES;
				CLANG_WARN_OBJC_LITERAL_CONVERSION = YES;
				CLANG_WARN_OBJC_ROOT_CLASS = YES_ERROR;
				CLANG_WARN_QUOTED_INCLUDE_IN_FRAMEWORK_HEADER = YES;
				CLANG_WARN_RANGE_LOOP_ANALYSIS = YES;
				CLANG_WARN_STRICT_PROTOTYPES = YES;
				CLANG_WARN_SUSPICIOUS_MOVE = YES;
				CLANG_WARN_UNGUARDED_AVAILABILITY = YES_AGGRESSIVE;
				CLANG_WARN_UNREACHABLE_CODE = YES;
				CLANG_WARN__DUPLICATE_METHOD_MATCH = YES;
				COPY_PHASE_STRIP = NO;
				DEBUG_INFORMATION_FORMAT = dwarf;
				ENABLE_STRICT_OBJC_MSGSEND = YES;
				ENABLE_TESTABILITY = YES;
				ENABLE_USER_SCRIPT_SANDBOXING = YES;
				GCC_C_LANGUAGE_STANDARD = gnu17;
				GCC_DYNAMIC_NO_PIC = NO;
				GCC_NO_COMMON_BLOCKS = YES;
				GCC_OPTIMIZATION_LEVEL = 0;
				GCC_PREPROCESSOR_DEFINITIONS = (
					"DEBUG=1",
					"$(inherited)",
				);
				GCC_WARN_64_TO_32_BIT_CONVERSION = YES;
				GCC_WARN_ABOUT_RETURN_TYPE = YES_ERROR;
				GCC_WARN_UNDECLARED_SELECTOR = YES;
				GCC_WARN_UNINITIALIZED_AUTOS = YES_AGGRESSIVE;
				GCC_WARN_UNUSED_FUNCTION = YES;
				GCC_WARN_UNUSED_VARIABLE = YES;
				IPHONEOS_DEPLOYMENT_TARGET = 18.5;
				LOCALIZATION_PREFERS_STRING_CATALOGS = YES;
				MTL_ENABLE_DEBUG_INFO = INCLUDE_SOURCE;
				MTL_FAST_MATH = YES;
				ONLY_ACTIVE_ARCH = YES;
				SDKROOT = iphoneos;
				SWIFT_ACTIVE_COMPILATION_CONDITIONS = "DEBUG $(inherited)";
				SWIFT_OPTIMIZATION_LEVEL = "-Onone";
			};
			name = Debug;
		};
		5457361F2FE8A1EE00840EFC /* Release */ = {
			isa = XCBuildConfiguration;
			buildSettings = {
				ALWAYS_SEARCH_USER_PATHS = NO;
				ASSETCATALOG_COMPILER_GENERATE_SWIFT_ASSET_SYMBOL_EXTENSIONS = YES;
				CLANG_ANALYZER_NONNULL = YES;
				CLANG_ANALYZER_NUMBER_OBJECT_CONVERSION = YES_AGGRESSIVE;
				CLANG_CXX_LANGUAGE_STANDARD = "gnu++20";
				CLANG_ENABLE_MODULES = YES;
				CLANG_ENABLE_OBJC_ARC = YES;
				CLANG_ENABLE_OBJC_WEAK = YES;
				CLANG_WARN_BLOCK_CAPTURE_AUTORELEASING = YES;
				CLANG_WARN_BOOL_CONVERSION = YES;
				CLANG_WARN_COMMA = YES;
				CLANG_WARN_CONSTANT_CONVERSION = YES;
				CLANG_WARN_DEPRECATED_OBJC_IMPLEMENTATIONS = YES;
				CLANG_WARN_DIRECT_OBJC_ISA_USAGE = YES_ERROR;
				CLANG_WARN_DOCUMENTATION_COMMENTS = YES;
				CLANG_WARN_EMPTY_BODY = YES;
				CLANG_WARN_ENUM_CONVERSION = YES;
				CLANG_WARN_INFINITE_RECURSION = YES;
				CLANG_WARN_INT_CONVERSION = YES;
				CLANG_WARN_NON_LITERAL_NULL_CONVERSION = YES;
				CLANG_WARN_OBJC_IMPLICIT_RETAIN_SELF = YES;
				CLANG_WARN_OBJC_LITERAL_CONVERSION = YES;
				CLANG_WARN_OBJC_ROOT_CLASS = YES_ERROR;
				CLANG_WARN_QUOTED_INCLUDE_IN_FRAMEWORK_HEADER = YES;
				CLANG_WARN_RANGE_LOOP_ANALYSIS = YES;
				CLANG_WARN_STRICT_PROTOTYPES = YES;
				CLANG_WARN_SUSPICIOUS_MOVE = YES;
				CLANG_WARN_UNGUARDED_AVAILABILITY = YES_AGGRESSIVE;
				CLANG_WARN_UNREACHABLE_CODE = YES;
				CLANG_WARN__DUPLICATE_METHOD_MATCH = YES;
				COPY_PHASE_STRIP = NO;
				DEBUG_INFORMATION_FORMAT = "dwarf-with-dsym";
				ENABLE_NS_ASSERTIONS = NO;
				ENABLE_STRICT_OBJC_MSGSEND = YES;
				ENABLE_USER_SCRIPT_SANDBOXING = YES;
				GCC_C_LANGUAGE_STANDARD = gnu17;
				GCC_NO_COMMON_BLOCKS = YES;
				GCC_WARN_64_TO_32_BIT_CONVERSION = YES;
				GCC_WARN_ABOUT_RETURN_TYPE = YES_ERROR;
				GCC_WARN_UNDECLARED_SELECTOR = YES;
				GCC_WARN_UNINITIALIZED_AUTOS = YES_AGGRESSIVE;
				GCC_WARN_UNUSED_FUNCTION = YES;
				GCC_WARN_UNUSED_VARIABLE = YES;
				IPHONEOS_DEPLOYMENT_TARGET = 18.5;
				LOCALIZATION_PREFERS_STRING_CATALOGS = YES;
				MTL_ENABLE_DEBUG_INFO = NO;
				MTL_FAST_MATH = YES;
				SDKROOT = iphoneos;
				SWIFT_COMPILATION_MODE = wholemodule;
				VALIDATE_PRODUCT = YES;
			};
			name = Release;
		};
		545736212FE8A1EE00840EFC /* Debug */ = {
			isa = XCBuildConfiguration;
			buildSettings = {
				ASSETCATALOG_COMPILER_APPICON_NAME = AppIcon;
				ASSETCATALOG_COMPILER_GLOBAL_ACCENT_COLOR_NAME = AccentColor;
				CODE_SIGN_STYLE = Automatic;
				CURRENT_PROJECT_VERSION = 1;
				ENABLE_PREVIEWS = YES;
				GENERATE_INFOPLIST_FILE = YES;
				INFOPLIST_KEY_UIApplicationSceneManifest_Generation = YES;
				INFOPLIST_KEY_UIApplicationSupportsIndirectInputEvents = YES;
				INFOPLIST_KEY_UILaunchScreen_Generation = YES;
				INFOPLIST_KEY_UISupportedInterfaceOrientations_iPad = "UIInterfaceOrientationPortrait UIInterfaceOrientationPortraitUpsideDown UIInterfaceOrientationLandscapeLeft UIInterfaceOrientationLandscapeRight";
				INFOPLIST_KEY_UISupportedInterfaceOrientations_iPhone = "UIInterfaceOrientationPortrait UIInterfaceOrientationLandscapeLeft UIInterfaceOrientationLandscapeRight";
				LD_RUNPATH_SEARCH_PATHS = (
					"$(inherited)",
					"@executable_path/Frameworks",
				);
				MARKETING_VERSION = 1.0;
				PRODUCT_BUNDLE_IDENTIFIER = makoto.MentoriaCore;
				PRODUCT_NAME = "$(TARGET_NAME)";
				SWIFT_EMIT_LOC_STRINGS = YES;
				SWIFT_VERSION = 5.0;
				TARGETED_DEVICE_FAMILY = "1,2";
			};
			name = Debug;
		};
		545736222FE8A1EE00840EFC /* Release */ = {
			isa = XCBuildConfiguration;
			buildSettings = {
				ASSETCATALOG_COMPILER_APPICON_NAME = AppIcon;
				ASSETCATALOG_COMPILER_GLOBAL_ACCENT_COLOR_NAME = AccentColor;
				CODE_SIGN_STYLE = Automatic;
				CURRENT_PROJECT_VERSION = 1;
				ENABLE_PREVIEWS = YES;
				GENERATE_INFOPLIST_FILE = YES;
				INFOPLIST_KEY_UIApplicationSceneManifest_Generation = YES;
				INFOPLIST_KEY_UIApplicationSupportsIndirectInputEvents = YES;
				INFOPLIST_KEY_UILaunchScreen_Generation = YES;
				INFOPLIST_KEY_UISupportedInterfaceOrientations_iPad = "UIInterfaceOrientationPortrait UIInterfaceOrientationPortraitUpsideDown UIInterfaceOrientationLandscapeLeft UIInterfaceOrientationLandscapeRight";
				INFOPLIST_KEY_UISupportedInterfaceOrientations_iPhone = "UIInterfaceOrientationPortrait UIInterfaceOrientationLandscapeLeft UIInterfaceOrientationLandscapeRight";
				LD_RUNPATH_SEARCH_PATHS = (
					"$(inherited)",
					"@executable_path/Frameworks",
				);
				MARKETING_VERSION = 1.0;
				PRODUCT_BUNDLE_IDENTIFIER = makoto.MentoriaCore;
				PRODUCT_NAME = "$(TARGET_NAME)";
				SWIFT_EMIT_LOC_STRINGS = YES;
				SWIFT_VERSION = 5.0;
				TARGETED_DEVICE_FAMILY = "1,2";
			};
			name = Release;
		};
		545736242FE8A1EE00840EFC /* Debug */ = {
			isa = XCBuildConfiguration;
			buildSettings = {
				BUNDLE_LOADER = "$(TEST_HOST)";
				CODE_SIGN_STYLE = Automatic;
				CURRENT_PROJECT_VERSION = 1;
				GENERATE_INFOPLIST_FILE = YES;
				IPHONEOS_DEPLOYMENT_TARGET = 18.5;
				MARKETING_VERSION = 1.0;
				PRODUCT_BUNDLE_IDENTIFIER = makoto.MentoriaCoreTests;
				PRODUCT_NAME = "$(TARGET_NAME)";
				SWIFT_EMIT_LOC_STRINGS = NO;
				SWIFT_VERSION = 5.0;
				TARGETED_DEVICE_FAMILY = "1,2";
				TEST_HOST = "$(BUILT_PRODUCTS_DIR)/MentoriaCore.app/$(BUNDLE_EXECUTABLE_FOLDER_PATH)/MentoriaCore";
			};
			name = Debug;
		};
		545736252FE8A1EE00840EFC /* Release */ = {
			isa = XCBuildConfiguration;
			buildSettings = {
				BUNDLE_LOADER = "$(TEST_HOST)";
				CODE_SIGN_STYLE = Automatic;
				CURRENT_PROJECT_VERSION = 1;
				GENERATE_INFOPLIST_FILE = YES;
				IPHONEOS_DEPLOYMENT_TARGET = 18.5;
				MARKETING_VERSION = 1.0;
				PRODUCT_BUNDLE_IDENTIFIER = makoto.MentoriaCoreTests;
				PRODUCT_NAME = "$(TARGET_NAME)";
				SWIFT_EMIT_LOC_STRINGS = NO;
				SWIFT_VERSION = 5.0;
				TARGETED_DEVICE_FAMILY = "1,2";
				TEST_HOST = "$(BUILT_PRODUCTS_DIR)/MentoriaCore.app/$(BUNDLE_EXECUTABLE_FOLDER_PATH)/MentoriaCore";
			};
			name = Release;
		};
		545736272FE8A1EE00840EFC /* Debug */ = {
			isa = XCBuildConfiguration;
			buildSettings = {
				CODE_SIGN_STYLE = Automatic;
				CURRENT_PROJECT_VERSION = 1;
				GENERATE_INFOPLIST_FILE = YES;
				MARKETING_VERSION = 1.0;
				PRODUCT_BUNDLE_IDENTIFIER = makoto.MentoriaCoreUITests;
				PRODUCT_NAME = "$(TARGET_NAME)";
				SWIFT_EMIT_LOC_STRINGS = NO;
				SWIFT_VERSION = 5.0;
				TARGETED_DEVICE_FAMILY = "1,2";
				TEST_TARGET_NAME = MentoriaCore;
			};
			name = Debug;
		};
		545736282FE8A1EE00840EFC /* Release */ = {
			isa = XCBuildConfiguration;
			buildSettings = {
				CODE_SIGN_STYLE = Automatic;
				CURRENT_PROJECT_VERSION = 1;
				GENERATE_INFOPLIST_FILE = YES;
				MARKETING_VERSION = 1.0;
				PRODUCT_BUNDLE_IDENTIFIER = makoto.MentoriaCoreUITests;
				PRODUCT_NAME = "$(TARGET_NAME)";
				SWIFT_EMIT_LOC_STRINGS = NO;
				SWIFT_VERSION = 5.0;
				TARGETED_DEVICE_FAMILY = "1,2";
				TEST_TARGET_NAME = MentoriaCore;
			};
			name = Release;
		};
/* End XCBuildConfiguration section */

/* Begin XCConfigurationList section */
		545735FA2FE8A1E900840EFC /* Build configuration list for PBXProject "MentoriaCore" */ = {
			isa = XCConfigurationList;
			buildConfigurations = (
				5457361E2FE8A1EE00840EFC /* Debug */,
				5457361F2FE8A1EE00840EFC /* Release */,
			);
			defaultConfigurationIsVisible = 0;
			defaultConfigurationName = Release;
		};
		545736202FE8A1EE00840EFC /* Build configuration list for PBXNativeTarget "MentoriaCore" */ = {
			isa = XCConfigurationList;
			buildConfigurations = (
				545736212FE8A1EE00840EFC /* Debug */,
				545736222FE8A1EE00840EFC /* Release */,
			);
			defaultConfigurationIsVisible = 0;
			defaultConfigurationName = Release;
		};
		545736232FE8A1EE00840EFC /* Build configuration list for PBXNativeTarget "MentoriaCoreTests" */ = {
			isa = XCConfigurationList;
			buildConfigurations = (
				545736242FE8A1EE00840EFC /* Debug */,
				545736252FE8A1EE00840EFC /* Release */,
			);
			defaultConfigurationIsVisible = 0;
			defaultConfigurationName = Release;
		};
		545736262FE8A1EE00840EFC /* Build configuration list for PBXNativeTarget "MentoriaCoreUITests" */ = {
			isa = XCConfigurationList;
			buildConfigurations = (
				545736272FE8A1EE00840EFC /* Debug */,
				545736282FE8A1EE00840EFC /* Release */,
			);
			defaultConfigurationIsVisible = 0;
			defaultConfigurationName = Release;
		};
/* End XCConfigurationList section */
	};
	rootObject = 545735F72FE8A1E900840EFC /* Project object */;
}
